// !$*UTF8*$!
{
	archiveVersion = 1;
	classes = {
	};
	objectVersion = 46;
	objects = {

/* Begin PBXBuildFile section */
		2762542B1EEB8ECF002CACCE /* main.m in Sources */ = {isa = PBXBuildFile; fileRef = 2762542A1EEB8ECF002CACCE /* main.m */; };
		2762542E1EEB8ECF002CACCE /* AppDelegate.m in Sources */ = {isa = PBXBuildFile; fileRef = 2762542D1EEB8ECF002CACCE /* AppDelegate.m */; };
		276254311EEB8ECF002CACCE /* ViewController.m in Sources */ = {isa = PBXBuildFile; fileRef = 276254301EEB8ECF002CACCE /* ViewController.m */; };
		276254341EEB8ECF002CACCE /* Main.storyboard in Resources */ = {isa = PBXBuildFile; fileRef = 276254321EEB8ECF002CACCE /* Main.storyboard */; };
		276254361EEB8ECF002CACCE /* Assets.xcassets in Resources */ = {isa = PBXBuildFile; fileRef = 276254351EEB8ECF002CACCE /* Assets.xcassets */; };
		276254391EEB8ECF002CACCE /* LaunchScreen.storyboard in Resources */ = {isa = PBXBuildFile; fileRef = 276254371EEB8ECF002CACCE /* LaunchScreen.storyboard */; };
		276254421EEB8F64002CACCE /* FlowCollectionView.m in Sources */ = {isa = PBXBuildFile; fileRef = 276254411EEB8F64002CACCE /* FlowCollectionView.m */; };
		F0763AE8C347446091B1394E /* libPods-FlowLayoutDemo.a in Frameworks */ = {isa = PBXBuildFile; fileRef = 0CCD5D8FBA93C4FEA722C918 /* libPods-FlowLayoutDemo.a */; };
/* End PBXBuildFile section */

/* Begin PBXFileReference section */
		0CCD5D8FBA93C4FEA722C918 /* libPods-FlowLayoutDemo.a */ = {isa = PBXFileReference; explicitFileType = archive.ar; includeInIndex = 0; path = "libPods-FlowLayoutDemo.a"; sourceTree = BUILT_PRODUCTS_DIR; };
		276254261EEB8ECF002CACCE /* FlowLayoutDemo.app */ = {isa = PBXFileReference; explicitFileType = wrapper.application; includeInIndex = 0; path = FlowLayoutDemo.app; sourceTree = BUILT_PRODUCTS_DIR; };
		2762542A1EEB8ECF002CACCE /* main.m */ = {isa = PBXFileReference; lastKnownFileType = sourcecode.c.objc; path = main.m; sourceTree = "<group>"; };
		2762542C1EEB8ECF002CACCE /* AppDelegate.h */ = {isa = PBXFileReference; lastKnownFileType = sourcecode.c.h; path = AppDelegate.h; sourceTree = "<group>"; };
		2762542D1EEB8ECF002CACCE /* AppDelegate.m */ = {isa = PBXFileReference; lastKnownFileType = sourcecode.c.objc; path = AppDelegate.m; sourceTree = "<group>"; };
		2762542F1EEB8ECF002CACCE /* ViewController.h */ = {isa = PBXFileReference; lastKnownFileType = sourcecode.c.h; path = ViewController.h; sourceTree = "<group>"; };
		276254301EEB8ECF002CACCE /* ViewController.m */ = {isa = PBXFileReference; lastKnownFileType = sourcecode.c.objc; path = ViewController.m; sourceTree = "<group>"; };
		276254331EEB8ECF002CACCE /* Base */ = {isa = PBXFileReference; lastKnownFileType = file.storyboard; name = Base; path = Base.lproj/Main.storyboard; sourceTree = "<group>"; };
		276254351EEB8ECF002CACCE /* Assets.xcassets */ = {isa = PBXFileReference; lastKnownFileType = folder.assetcatalog; path = Assets.xcassets; sourceTree = "<group>"; };
		276254381EEB8ECF002CACCE /* Base */ = {isa = PBXFileReference; lastKnownFileType = file.storyboard; name = Base; path = Base.lproj/LaunchScreen.storyboard; sourceTree = "<group>"; };
		2762543A1EEB8ECF002CACCE /* Info.plist */ = {isa = PBXFileReference; lastKnownFileType = text.plist.xml; path = Info.plist; sourceTree = "<group>"; };
		276254401EEB8F64002CACCE /* FlowCollectionView.h */ = {isa = PBXFileReference; fileEncoding = 4; lastKnownFileType = sourcecode.c.h; path = FlowCollectionView.h; sourceTree = "<group>"; };
		276254411EEB8F64002CACCE /* FlowCollectionView.m */ = {isa = PBXFileReference; fileEncoding = 4; lastKnownFileType = sourcecode.c.objc; path = FlowCollectionView.m; sourceTree = "<group>"; };
		523E060BC3564BD4C28191FC /* Pods-FlowLayoutDemo.release.xcconfig */ = {isa = PBXFileReference; includeInIndex = 1; lastKnownFileType = text.xcconfig; name = "Pods-FlowLayoutDemo.release.xcconfig"; path = "Pods/Target Support Files/Pods-FlowLayoutDemo/Pods-FlowLayoutDemo.release.xcconfig"; sourceTree = "<group>"; };
		8883CB30C2AA4DB0C852013A /* Pods-FlowLayoutDemo.debug.xcconfig */ = {isa = PBXFileReference; includeInIndex = 1; lastKnownFileType = text.xcconfig; name = "Pods-FlowLayoutDemo.debug.xcconfig"; path = "Pods/Target Support Files/Pods-FlowLayoutDemo/Pods-FlowLayoutDemo.debug.xcconfig"; sourceTree = "<group>"; };
/* End PBXFileReference section */

/* Begin PBXFrameworksBuildPhase section */
		276254231EEB8ECF002CACCE /* Frameworks */ = {
			isa = PBXFrameworksBuildPhase;
			buildActionMask = 2147483647;
			files = (
				F0763AE8C347446091B1394E /* libPods-FlowLayoutDemo.a in Frameworks */,
			);
			runOnlyForDeploymentPostprocessing = 0;
		};
/* End PBXFrameworksBuildPhase section */

/* Begin PBXGroup section */
		2762541D1EEB8ECF002CACCE = {
			isa = PBXGroup;
			children = (
				276254281EEB8ECF002CACCE /* FlowLayoutDemo */,
				276254271EEB8ECF002CACCE /* Products */,
				EBF8B14F42C4155D37F23FD0 /* Pods */,
				6C37BE37D2A5A61576240939 /* Frameworks */,
			);
			sourceTree = "<group>";
		};
		276254271EEB8ECF002CACCE /* Products */ = {
			isa = PBXGroup;
			children = (
				276254261EEB8ECF002CACCE /* FlowLayoutDemo.app */,
			);
			name = Products;
			sourceTree = "<group>";
		};
		276254281EEB8ECF002CACCE /* FlowLayoutDemo */ = {
			isa = PBXGroup;
			children = (
				2762542C1EEB8ECF002CACCE /* AppDelegate.h */,
				2762542D1EEB8ECF002CACCE /* AppDelegate.m */,
				2762542F1EEB8ECF002CACCE /* ViewController.h */,
				276254301EEB8ECF002CACCE /* ViewController.m */,
				276254401EEB8F64002CACCE /* FlowCollectionView.h */,
				276254411EEB8F64002CACCE /* FlowCollectionView.m */,
				276254321EEB8ECF002CACCE /* Main.storyboard */,
				276254351EEB8ECF002CACCE /* Assets.xcassets */,
				276254371EEB8ECF002CACCE /* LaunchScreen.storyboard */,
				2762543A1EEB8ECF002CACCE /* Info.plist */,
				276254291EEB8ECF002CACCE /* Supporting Files */,
			);
			path = FlowLayoutDemo;
			sourceTree = "<group>";
		};
		276254291EEB8ECF002CACCE /* Supporting Files */ = {
			isa = PBXGroup;
			children = (
				2762542A1EEB8ECF002CACCE /* main.m */,
			);
			name = "Supporting Files";
			sourceTree = "<group>";
		};
		6C37BE37D2A5A61576240939 /* Frameworks */ = {
			isa = PBXGroup;
			children = (
				0CCD5D8FBA93C4FEA722C918 /* libPods-FlowLayoutDemo.a */,
			);
			name = Frameworks;
			sourceTree = "<group>";
		};
		EBF8B14F42C4155D37F23FD0 /* Pods */ = {
			isa = PBXGroup;
			children = (
				8883CB30C2AA4DB0C852013A /* Pods-FlowLayoutDemo.debug.xcconfig */,
				523E060BC3564BD4C28191FC /* Pods-FlowLayoutDemo.release.xcconfig */,
			);
			name = Pods;
			sourceTree = "<group>";
		};
/* End PBXGroup section */

/* Begin PBXNativeTarget section */
		276254251EEB8ECF002CACCE /* FlowLayoutDemo */ = {
			isa = PBXNativeTarget;
			buildConfigurationList = 2762543D1EEB8ECF002CACCE /* Build configuration list for PBXNativeTarget "FlowLayoutDemo" */;
			buildPhases = (
				3B5760CBDBD57A74F1C99580 /* [CP] Check Pods Manifest.lock */,
				276254221EEB8ECF002CACCE /* Sources */,
				276254231EEB8ECF002CACCE /* Frameworks */,
				276254241EEB8ECF002CACCE /* Resources */,
				EE74E26E5283ACEE8EBD260C /* [CP] Embed Pods Frameworks */,
				ADFD0305024F53BF046F09C9 /* [CP] Copy Pods Resources */,
			);
			buildRules = (
			);
			dependencies = (
			);
			name = FlowLayoutDemo;
			productName = FlowLayoutDemo;
			productReference = 276254261EEB8ECF002CACCE /* FlowLayoutDemo.app */;
			productType = "com.apple.product-type.application";
		};
/* End PBXNativeTarget section */

/* Begin PBXProject section */
		2762541E1EEB8ECF002CACCE /* Project object */ = {
			isa = PBXProject;
			attributes = {
				LastUpgradeCheck = 0830;
				ORGANIZATIONNAME = capsule;
				TargetAttributes = {
					276254251EEB8ECF002CACCE = {
						CreatedOnToolsVersion = 8.3.2;
						ProvisioningStyle = Automatic;
					};
				};
			};
			buildConfigurationList = 276254211EEB8ECF002CACCE /* Build configuration list for PBXProject "FlowLayoutDemo" */;
			compatibilityVersion = "Xcode 3.2";
			developmentRegion = English;
			hasScannedForEncodings = 0;
			knownRegions = (
				en,
				Base,
			);
			mainGroup = 2762541D1EEB8ECF002CACCE;
			productRefGroup = 276254271EEB8ECF002CACCE /* Products */;
			projectDirPath = "";
			projectRoot = "";
			targets = (
				276254251EEB8ECF002CACCE /* FlowLayoutDemo */,
			);
		};
/* End PBXProject section */

/* Begin PBXResourcesBuildPhase section */
		276254241EEB8ECF002CACCE /* Resources */ = {
			isa = PBXResourcesBuildPhase;
			buildActionMask = 2147483647;
			files = (
				276254391EEB8ECF002CACCE /* LaunchScreen.storyboard in Resources */,
				276254361EEB8ECF002CACCE /* Assets.xcassets in Resources */,
				276254341EEB8ECF002CACCE /* Main.storyboard in Resources */,
			);
			runOnlyForDeploymentPostprocessing = 0;
		};
/* End PBXResourcesBuildPhase section */

/* Begin PBXShellScriptBuildPhase section */
		3B5760CBDBD57A74F1C99580 /* [CP] Check Pods Manifest.lock */ = {
			isa = PBXShellScriptBuildPhase;
			buildActionMask = 2147483647;
			files = (
			);
			inputPaths = (
			);
			name = "[CP] Check Pods Manifest.lock";
			outputPaths = (
			);
			runOnlyForDeploymentPostprocessing = 0;
			shellPath = /bin/sh;
			shellScript = "diff \"${PODS_PODFILE_DIR_PATH}/Podfile.lock\" \"${PODS_ROOT}/Manifest.lock\" > /dev/null\nif [ $? != 0 ] ; then\n    # print error to STDERR\n    echo \"error: The sandbox is not in sync with the Podfile.lock. Run 'pod install' or update your CocoaPods installation.\" >&2\n    exit 1\nfi\n";
			showEnvVarsInLog = 0;
		};
		ADFD0305024F53BF046F09C9 /* [CP] Copy Pods Resources */ = {
			isa = PBXShellScriptBuildPhase;
			buildActionMask = 2147483647;
			files = (
			);
			inputPaths = (
			);
			name = "[CP] Copy Pods Resources";
			outputPaths = (
			);
			runOnlyForDeploymentPostprocessing = 0;
			shellPath = /bin/sh;
			shellScript = "\"${SRCROOT}/Pods/Target Support Files/Pods-FlowLayoutDemo/Pods-FlowLayoutDemo-resources.sh\"\n";
			showEnvVarsInLog = 0;
		};
		EE74E26E5283ACEE8EBD260C /* [CP] Embed Pods Frameworks */ = {
			isa = PBXShellScriptBuildPhase;
			buildActionMask = 2147483647;
			files = (
			);
			inputPaths = (
			);
			name = "[CP] Embed Pods Frameworks";
			outputPaths = (
			);
			runOnlyForDeploymentPostprocessing = 0;
			shellPath = /bin/sh;
			shellScript = "\"${SRCROOT}/Pods/Target Support Files/Pods-FlowLayoutDemo/Pods-FlowLayoutDemo-frameworks.sh\"\n";
			showEnvVarsInLog = 0;
		};
/* End PBXShellScriptBuildPhase section */

/* Begin PBXSourcesBuildPhase section */
		276254221EEB8ECF002CACCE /* Sources */ = {
			isa = PBXSourcesBuildPhase;
			buildActionMask = 2147483647;
			files = (
				276254311EEB8ECF002CACCE /* ViewController.m in Sources */,
				2762542E1EEB8ECF002CACCE /* AppDelegate.m in Sources */,
				276254421EEB8F64002CACCE /* FlowCollectionView.m in Sources */,
				2762542B1EEB8ECF002CACCE /* main.m in Sources */,
			);
			runOnlyForDeploymentPostprocessing = 0;
		};
/* End PBXSourcesBuildPhase section */

/* Begin PBXVariantGroup section */
		276254321EEB8ECF002CACCE /* Main.storyboard */ = {
			isa = PBXVariantGroup;
			children = (
				276254331EEB8ECF002CACCE /* Base */,
			);
			name = Main.storyboard;
			sourceTree = "<group>";
		};
		276254371EEB8ECF002CACCE /* LaunchScreen.storyboard */ = {
			isa = PBXVariantGroup;
			children = (
				276254381EEB8ECF002CACCE /* Base */,
			);
			name = LaunchScreen.storyboard;
			sourceTree = "<group>";
		};
/* End PBXVariantGroup section */

/* Begin XCBuildConfiguration section */
		2762543B1EEB8ECF002CACCE /* Debug */ = {
			isa = XCBuildConfiguration;
			buildSettings = {
				ALWAYS_SEARCH_USER_PATHS = NO;
				CLANG_ANALYZER_NONNULL = YES;
				CLANG_ANALYZER_NUMBER_OBJECT_CONVERSION = YES_AGGRESSIVE;
				CLANG_CXX_LANGUAGE_STANDARD = "gnu++0x";
				CLANG_CXX_LIBRARY = "libc++";
				CLANG_ENABLE_MODULES = YES;
				CLANG_ENABLE_OBJC_ARC = YES;
				CLANG_WARN_BOOL_CONVERSION = YES;
				CLANG_WARN_CONSTANT_CONVERSION = YES;
				CLANG_WARN_DIRECT_OBJC_ISA_USAGE = YES_ERROR;
				CLANG_WARN_DOCUMENTATION_COMMENTS = YES;
				CLANG_WARN_EMPTY_BODY = YES;
				CLANG_WARN_ENUM_CONVERSION = YES;
				CLANG_WARN_INFINITE_RECURSION = YES;
				CLANG_WARN_INT_CONVERSION = YES;
				CLANG_WARN_OBJC_ROOT_CLASS = YES_ERROR;
				CLANG_WARN_SUSPICIOUS_MOVE = YES;
				CLANG_WARN_UNREACHABLE_CODE = YES;
				CLANG_WARN__DUPLICATE_METHOD_MATCH = YES;
				"CODE_SIGN_IDENTITY[sdk=iphoneos*]" = "iPhone Developer";
				COPY_PHASE_STRIP = NO;
				DEBUG_INFORMATION_FORMAT = dwarf;
				ENABLE_STRICT_OBJC_MSGSEND = YES;
				ENABLE_TESTABILITY = YES;
				GCC_C_LANGUAGE_STANDARD = gnu99;
				GCC_DYNAMIC_NO_PIC = NO;
				GCC_NO_COMMON_BLOCKS = YES;
				GCC_OPTIMIZATION_LEVEL = 0;
				GCC_PREPROCESSOR_DEFINITIONS = (
					"DEBUG=1",
					"$(inherited)",
				);
				GCC_WARN_64_TO_32_BIT_CONVERSION = YES;
				GCC_WARN_ABOUT_RETURN_TYPE = YES_ERROR;
				GCC_WARN_UNDECLARED_SELECTOR = YES;
				GCC_WARN_UNINITIALIZED_AUTOS = YES_AGGRESSIVE;
				GCC_WARN_UNUSED_FUNCTION = YES;
				GCC_WARN_UNUSED_VARIABLE = YES;
				IPHONEOS_DEPLOYMENT_TARGET = 10.3;
				MTL_ENABLE_DEBUG_INFO = YES;
				ONLY_ACTIVE_ARCH = YES;
				SDKROOT = iphoneos;
			};
			name = Debug;
		};
		2762543C1EEB8ECF002CACCE /* Release */ = {
			isa = XCBuildConfiguration;
			buildSettings = {
				ALWAYS_SEARCH_USER_PATHS = NO;
				CLANG_ANALYZER_NONNULL = YES;
				CLANG_ANALYZER_NUMBER_OBJECT_CONVERSION = YES_AGGRESSIVE;
				CLANG_CXX_LANGUAGE_STANDARD = "gnu++0x";
				CLANG_CXX_LIBRARY = "libc++";
				CLANG_ENABLE_MODULES = YES;
				CLANG_ENABLE_OBJC_ARC = YES;
				CLANG_WARN_BOOL_CONVERSION = YES;
				CLANG_WARN_CONSTANT_CONVERSION = YES;
				CLANG_WARN_DIRECT_OBJC_ISA_USAGE = YES_ERROR;
				CLANG_WARN_DOCUMENTATION_COMMENTS = YES;
				CLANG_WARN_EMPTY_BODY = YES;
				CLANG_WARN_ENUM_CONVERSION = YES;
				CLANG_WARN_INFINITE_RECURSION = YES;
				CLANG_WARN_INT_CONVERSION = YES;
				CLANG_WARN_OBJC_ROOT_CLASS = YES_ERROR;
				CLANG_WARN_SUSPICIOUS_MOVE = YES;
				CLANG_WARN_UNREACHABLE_CODE = YES;
				CLANG_WARN__DUPLICATE_METHOD_MATCH = YES;
				"CODE_SIGN_IDENTITY[sdk=iphoneos*]" = "iPhone Developer";
				COPY_PHASE_STRIP = NO;
				DEBUG_INFORMATION_FORMAT = "dwarf-with-dsym";
				ENABLE_NS_ASSERTIONS = NO;
				ENABLE_STRICT_OBJC_MSGSEND = YES;
				GCC_C_LANGUAGE_STANDARD = gnu99;
				GCC_NO_COMMON_BLOCKS = YES;
				GCC_WARN_64_TO_32_BIT_CONVERSION = YES;
				GCC_WARN_ABOUT_RETURN_TYPE = YES_ERROR;
				GCC_WARN_UNDECLARED_SELECTOR = YES;
				GCC_WARN_UNINITIALIZED_AUTOS = YES_AGGRESSIVE;
				GCC_WARN_UNUSED_FUNCTION = YES;
				GCC_WARN_UNUSED_VARIABLE = YES;
				IPHONEOS_DEPLOYMENT_TARGET = 10.3;
				MTL_ENABLE_DEBUG_INFO = NO;
				SDKROOT = iphoneos;
				VALIDATE_PRODUCT = YES;
			};
			name = Release;
		};
		2762543E1EEB8ECF002CACCE /* Debug */ = {
			isa = XCBuildConfiguration;
			baseConfigurationReference = 8883CB30C2AA4DB0C852013A /* Pods-FlowLayoutDemo.debug.xcconfig */;
			buildSettings = {
				ASSETCATALOG_COMPILER_APPICON_NAME = AppIcon;
				INFOPLIST_FILE = FlowLayoutDemo/Info.plist;
				LD_RUNPATH_SEARCH_PATHS = "$(inherited) @executable_path/Frameworks";
				PRODUCT_BUNDLE_IDENTIFIER = cn.capsule.FlowLayoutDemo;
				PRODUCT_NAME = "$(TARGET_NAME)";
			};
			name = Debug;
		};
		2762543F1EEB8ECF002CACCE /* Release */ = {
			isa = XCBuildConfiguration;
			baseConfigurationReference = 523E060BC3564BD4C28191FC /* Pods-FlowLayoutDemo.release.xcconfig */;
			buildSettings = {
				ASSETCATALOG_COMPILER_APPICON_NAME = AppIcon;
				INFOPLIST_FILE = FlowLayoutDemo/Info.plist;
				LD_RUNPATH_SEARCH_PATHS = "$(inherited) @executable_path/Frameworks";
				PRODUCT_BUNDLE_IDENTIFIER = cn.capsule.FlowLayoutDemo;
				PRODUCT_NAME = "$(TARGET_NAME)";
			};
			name = Release;
		};
/* End XCBuildConfiguration section */

/* Begin XCConfigurationList section */
		276254211EEB8ECF002CACCE /* Build configuration list for PBXProject "FlowLayoutDemo" */ = {
			isa = XCConfigurationList;
			buildConfigurations = (
				2762543B1EEB8ECF002CACCE /* Debug */,
				2762543C1EEB8ECF002CACCE /* Release */,
			);
			defaultConfigurationIsVisible = 0;
			defaultConfigurationName = Release;
		};
		2762543D1EEB8ECF002CACCE /* Build configuration list for PBXNativeTarget "FlowLayoutDemo" */ = {
			isa = XCConfigurationList;
			buildConfigurations = (
				2762543E1EEB8ECF002CACCE /* Debug */,
				2762543F1EEB8ECF002CACCE /* Release */,
			);
			defaultConfigurationIsVisible = 0;
			defaultConfigurationName = Release;
		};
/* End XCConfigurationList section */
	};
	rootObject = 2762541E1EEB8ECF002CACCE /* Project object */;
}
